
Microsoft Visual Studio Solution File, Format Version 9.00
# Visual C# Express 2005
Project("{FAE04EC0-301F-11D3-BF4B-00C04F79EFBC}") = "SDBees.HVAC.BuildingStatistics", "SDBees.HVAC.BuildingStatistics\SDBees.HVAC.BuildingStatistics.csproj", "{359ED7A6-E45D-41F4-A938-4D7663891250}"
EndProject
Project("{FAE04EC0-301F-11D3-BF4B-00C04F79EFBC}") = "SDBees.HVAC.ContractData", "SDBees.HVAC.ContractData\SDBees.HVAC.ContractData.csproj", "{742F06F2-FBE9-4147-8AB2-C21A89F51700}"
EndProject
Project("{FAE04EC0-301F-11D3-BF4B-00C04F79EFBC}") = "SDBees.HVAC.Element", "SDBees.HVAC.Element\SDBees.HVAC.Element.csproj", "{6AE3C9E9-4D68-4BAE-A9F2-74041B700F23}"
EndProject
Project("{FAE04EC0-301F-11D3-BF4B-00C04F79EFBC}") = "SDBees.HVAC.Group", "SDBees.HVAC.Group\SDBees.HVAC.Group.csproj", "{214B9B7D-A121-4C3C-AFB4-ED0F07A4C647}"
EndProject
Global
	GlobalSection(SolutionConfigurationPlatforms) = preSolution
		Debug|Any CPU = Debug|Any CPU
		Release|Any CPU = Release|Any CPU
	EndGlobalSection
	GlobalSection(ProjectConfigurationPlatforms) = postSolution
		{359ED7A6-E45D-41F4-A938-4D7663891250}.Debug|Any CPU.ActiveCfg = Debug|Any CPU
		{359ED7A6-E45D-41F4-A938-4D7663891250}.Debug|Any CPU.Build.0 = Debug|Any CPU
		{359ED7A6-E45D-41F4-A938-4D7663891250}.Release|Any CPU.ActiveCfg = Release|Any CPU
		{359ED7A6-E45D-41F4-A938-4D7663891250}.Release|Any CPU.Build.0 = Release|Any CPU
		{742F06F2-FBE9-4147-8AB2-C21A89F51700}.Debug|Any CPU.ActiveCfg = Debug|Any CPU
		{742F06F2-FBE9-4147-8AB2-C21A89F51700}.Debug|Any CPU.Build.0 = Debug|Any CPU
		{742F06F2-FBE9-4147-8AB2-C21A89F51700}.Release|Any CPU.ActiveCfg = Release|Any CPU
		{742F06F2-FBE9-4147-8AB2-C21A89F51700}.Release|Any CPU.Build.0 = Release|Any CPU
		{6AE3C9E9-4D68-4BAE-A9F2-74041B700F23}.Debug|Any CPU.ActiveCfg = Debug|Any CPU
		{6AE3C9E9-4D68-4BAE-A9F2-74041B700F23}.Debug|Any CPU.Build.0 = Debug|Any CPU
		{6AE3C9E9-4D68-4BAE-A9F2-74041B700F23}.Release|Any CPU.ActiveCfg = Release|Any CPU
		{6AE3C9E9-4D68-4BAE-A9F2-74041B700F23}.Release|Any CPU.Build.0 = Release|Any CPU
		{214B9B7D-A121-4C3C-AFB4-ED0F07A4C647}.Debug|Any CPU.ActiveCfg = Debug|Any CPU
		{214B9B7D-A121-4C3C-AFB4-ED0F07A4C647}.Debug|Any CPU.Build.0 = Debug|Any CPU
		{214B9B7D-A121-4C3C-AFB4-ED0F07A4C647}.Release|Any CPU.ActiveCfg = Release|Any CPU
		{214B9B7D-A121-4C3C-AFB4-ED0F07A4C647}.Release|Any CPU.Build.0 = Release|Any CPU
	EndGlobalSection
	GlobalSection(SolutionProperties) = preSolution
		HideSolutionNode = FALSE
	EndGlobalSection
EndGlobal
