Microsoft Visual Studio Solution File, Format Version 9.00
# SharpDevelop 2.0.0.1135
Project("{FAE04EC0-301F-11D3-BF4B-00C04F79EFBC}") = "osFM.MainWindow", "osFM.MainWindow.csproj", "{532DB804-8693-44E0-851A-D30FB7B84CC9}"
EndProject
Global
	GlobalSection(SolutionConfigurationPlatforms) = preSolution
		Debug|AnyCPU = Debug|AnyCPU
		Release|AnyCPU = Release|AnyCPU
	EndGlobalSection
	GlobalSection(ProjectConfigurationPlatforms) = postSolution
		{532DB804-8693-44E0-851A-D30FB7B84CC9}.Debug|AnyCPU.Build.0 = Debug|AnyCPU
		{532DB804-8693-44E0-851A-D30FB7B84CC9}.Debug|AnyCPU.ActiveCfg = Debug|AnyCPU
		{532DB804-8693-44E0-851A-D30FB7B84CC9}.Release|AnyCPU.Build.0 = Release|AnyCPU
		{532DB804-8693-44E0-851A-D30FB7B84CC9}.Release|AnyCPU.ActiveCfg = Release|AnyCPU
	EndGlobalSection
EndGlobal
