
Microsoft Visual Studio Solution File, Format Version 9.00
# Visual Studio 2005
# SharpDevelop 2.1.0.2429
Project("{FAE04EC0-301F-11D3-BF4B-00C04F79EFBC}") = "SDBees.Process.Device", "SDBees.Process.Device\SDBees.Process.Device.csproj", "{CED946F4-15E3-4D71-83D3-65ECC317FFE6}"
EndProject
Project("{FAE04EC0-301F-11D3-BF4B-00C04F79EFBC}") = "SDBees.Process.Employee", "SDBees.Process.Employee\SDBees.Process.Employee.csproj", "{D40027D4-260D-4D22-AAC8-1647EB1558AE}"
EndProject
Project("{FAE04EC0-301F-11D3-BF4B-00C04F79EFBC}") = "SDBees.Process.Interface", "SDBees.Process.Interface\SDBees.Process.Interface.csproj", "{DAAA2C2C-DEEF-4D5D-BCD4-A1D5B7D2297C}"
EndProject
Project("{FAE04EC0-301F-11D3-BF4B-00C04F79EFBC}") = "SDBees.Process.Parcel", "SDBees.Process.Parcel\SDBees.Process.Parcel.csproj", "{9D86FFEF-2DFF-45DD-A3B4-810D2105B9E7}"
EndProject
Project("{FAE04EC0-301F-11D3-BF4B-00C04F79EFBC}") = "SDBees.Process.Security", "SDBees.Process.Security\SDBees.Process.Security.csproj", "{38158DB5-42C3-4773-9CB6-AA5DE75A94BE}"
EndProject
Global
	GlobalSection(SolutionConfigurationPlatforms) = preSolution
		Debug|Any CPU = Debug|Any CPU
		Release|Any CPU = Release|Any CPU
	EndGlobalSection
	GlobalSection(ProjectConfigurationPlatforms) = postSolution
		{CED946F4-15E3-4D71-83D3-65ECC317FFE6}.Debug|Any CPU.Build.0 = Debug|Any CPU
		{CED946F4-15E3-4D71-83D3-65ECC317FFE6}.Debug|Any CPU.ActiveCfg = Debug|Any CPU
		{CED946F4-15E3-4D71-83D3-65ECC317FFE6}.Release|Any CPU.Build.0 = Release|Any CPU
		{CED946F4-15E3-4D71-83D3-65ECC317FFE6}.Release|Any CPU.ActiveCfg = Release|Any CPU
		{D40027D4-260D-4D22-AAC8-1647EB1558AE}.Debug|Any CPU.Build.0 = Debug|Any CPU
		{D40027D4-260D-4D22-AAC8-1647EB1558AE}.Debug|Any CPU.ActiveCfg = Debug|Any CPU
		{D40027D4-260D-4D22-AAC8-1647EB1558AE}.Release|Any CPU.Build.0 = Release|Any CPU
		{D40027D4-260D-4D22-AAC8-1647EB1558AE}.Release|Any CPU.ActiveCfg = Release|Any CPU
		{DAAA2C2C-DEEF-4D5D-BCD4-A1D5B7D2297C}.Debug|Any CPU.Build.0 = Debug|Any CPU
		{DAAA2C2C-DEEF-4D5D-BCD4-A1D5B7D2297C}.Debug|Any CPU.ActiveCfg = Debug|Any CPU
		{DAAA2C2C-DEEF-4D5D-BCD4-A1D5B7D2297C}.Release|Any CPU.Build.0 = Release|Any CPU
		{DAAA2C2C-DEEF-4D5D-BCD4-A1D5B7D2297C}.Release|Any CPU.ActiveCfg = Release|Any CPU
		{9D86FFEF-2DFF-45DD-A3B4-810D2105B9E7}.Debug|Any CPU.Build.0 = Debug|Any CPU
		{9D86FFEF-2DFF-45DD-A3B4-810D2105B9E7}.Debug|Any CPU.ActiveCfg = Debug|Any CPU
		{9D86FFEF-2DFF-45DD-A3B4-810D2105B9E7}.Release|Any CPU.Build.0 = Release|Any CPU
		{9D86FFEF-2DFF-45DD-A3B4-810D2105B9E7}.Release|Any CPU.ActiveCfg = Release|Any CPU
		{38158DB5-42C3-4773-9CB6-AA5DE75A94BE}.Debug|Any CPU.Build.0 = Debug|Any CPU
		{38158DB5-42C3-4773-9CB6-AA5DE75A94BE}.Debug|Any CPU.ActiveCfg = Debug|Any CPU
		{38158DB5-42C3-4773-9CB6-AA5DE75A94BE}.Release|Any CPU.Build.0 = Release|Any CPU
		{38158DB5-42C3-4773-9CB6-AA5DE75A94BE}.Release|Any CPU.ActiveCfg = Release|Any CPU
	EndGlobalSection
EndGlobal
