
Microsoft Visual Studio Solution File, Format Version 9.00
# Visual Studio 2005
# SharpDevelop 2.1.0.2376
Project("{FAE04EC0-301F-11D3-BF4B-00C04F79EFBC}") = "SDBees.General.ContractData", "SDBees.General.ContractData\SDBees.General.ContractData.csproj", "{207C4AB5-4620-460D-BB0F-9B4418F26FAD}"
EndProject
Project("{FAE04EC0-301F-11D3-BF4B-00C04F79EFBC}") = "SDBees.General.DocumentData", "SDBees.General.DocumentData\SDBees.General.DocumentData.csproj", "{273A1F72-5E8E-47FB-B37F-1482A2DE8CA3}"
EndProject
Global
	GlobalSection(SolutionConfigurationPlatforms) = preSolution
		Debug|Any CPU = Debug|Any CPU
		Release|Any CPU = Release|Any CPU
	EndGlobalSection
	GlobalSection(ProjectConfigurationPlatforms) = postSolution
		{58732A44-9FA3-441E-906C-06BB59018F3B}.Debug|Any CPU.ActiveCfg = Debug|Any CPU
		{58732A44-9FA3-441E-906C-06BB59018F3B}.Debug|Any CPU.Build.0 = Debug|Any CPU
		{58732A44-9FA3-441E-906C-06BB59018F3B}.Release|Any CPU.ActiveCfg = Release|Any CPU
		{58732A44-9FA3-441E-906C-06BB59018F3B}.Release|Any CPU.Build.0 = Release|Any CPU
		{53A18638-DCBE-4542-A819-92F40D62F35F}.Debug|Any CPU.ActiveCfg = Debug|Any CPU
		{53A18638-DCBE-4542-A819-92F40D62F35F}.Debug|Any CPU.Build.0 = Debug|Any CPU
		{53A18638-DCBE-4542-A819-92F40D62F35F}.Release|Any CPU.ActiveCfg = Release|Any CPU
		{53A18638-DCBE-4542-A819-92F40D62F35F}.Release|Any CPU.Build.0 = Release|Any CPU
		{23393884-9A74-435F-825B-BAC53A065C26}.Debug|Any CPU.ActiveCfg = Debug|Any CPU
		{23393884-9A74-435F-825B-BAC53A065C26}.Debug|Any CPU.Build.0 = Debug|Any CPU
		{23393884-9A74-435F-825B-BAC53A065C26}.Release|Any CPU.ActiveCfg = Release|Any CPU
		{23393884-9A74-435F-825B-BAC53A065C26}.Release|Any CPU.Build.0 = Release|Any CPU
		{C40F5FEE-41EF-41DC-94E0-BD299BC5E75D}.Debug|Any CPU.ActiveCfg = Debug|Any CPU
		{C40F5FEE-41EF-41DC-94E0-BD299BC5E75D}.Debug|Any CPU.Build.0 = Debug|Any CPU
		{C40F5FEE-41EF-41DC-94E0-BD299BC5E75D}.Release|Any CPU.ActiveCfg = Release|Any CPU
		{C40F5FEE-41EF-41DC-94E0-BD299BC5E75D}.Release|Any CPU.Build.0 = Release|Any CPU
		{1D8ED089-BF77-4D88-9F73-B28AF6B8E274}.Debug|Any CPU.ActiveCfg = Debug|Any CPU
		{1D8ED089-BF77-4D88-9F73-B28AF6B8E274}.Debug|Any CPU.Build.0 = Debug|Any CPU
		{1D8ED089-BF77-4D88-9F73-B28AF6B8E274}.Release|Any CPU.ActiveCfg = Release|Any CPU
		{1D8ED089-BF77-4D88-9F73-B28AF6B8E274}.Release|Any CPU.Build.0 = Release|Any CPU
		{ADD2A9BB-4579-44EB-B0D8-8DB1437140CC}.Debug|Any CPU.ActiveCfg = Debug|Any CPU
		{ADD2A9BB-4579-44EB-B0D8-8DB1437140CC}.Debug|Any CPU.Build.0 = Debug|Any CPU
		{ADD2A9BB-4579-44EB-B0D8-8DB1437140CC}.Release|Any CPU.ActiveCfg = Release|Any CPU
		{ADD2A9BB-4579-44EB-B0D8-8DB1437140CC}.Release|Any CPU.Build.0 = Release|Any CPU
		{F056C7B6-38A5-462D-977B-DB94A7DCD959}.Debug|Any CPU.ActiveCfg = Debug|Any CPU
		{F056C7B6-38A5-462D-977B-DB94A7DCD959}.Debug|Any CPU.Build.0 = Debug|Any CPU
		{F056C7B6-38A5-462D-977B-DB94A7DCD959}.Release|Any CPU.ActiveCfg = Release|Any CPU
		{F056C7B6-38A5-462D-977B-DB94A7DCD959}.Release|Any CPU.Build.0 = Release|Any CPU
		{0250BB10-1A0A-45CB-AA7A-6CCDD58CA8CC}.Debug|Any CPU.ActiveCfg = Debug|Any CPU
		{0250BB10-1A0A-45CB-AA7A-6CCDD58CA8CC}.Debug|Any CPU.Build.0 = Debug|Any CPU
		{0250BB10-1A0A-45CB-AA7A-6CCDD58CA8CC}.Release|Any CPU.ActiveCfg = Release|Any CPU
		{0250BB10-1A0A-45CB-AA7A-6CCDD58CA8CC}.Release|Any CPU.Build.0 = Release|Any CPU
		{C1D610DC-63A9-43DA-B6BE-32161321C0D3}.Debug|Any CPU.ActiveCfg = Debug|Any CPU
		{C1D610DC-63A9-43DA-B6BE-32161321C0D3}.Debug|Any CPU.Build.0 = Debug|Any CPU
		{C1D610DC-63A9-43DA-B6BE-32161321C0D3}.Release|Any CPU.ActiveCfg = Release|Any CPU
		{C1D610DC-63A9-43DA-B6BE-32161321C0D3}.Release|Any CPU.Build.0 = Release|Any CPU
		{359ED7A6-E45D-41F4-A938-4D7663891250}.Debug|Any CPU.Build.0 = Debug|Any CPU
		{359ED7A6-E45D-41F4-A938-4D7663891250}.Debug|Any CPU.ActiveCfg = Debug|Any CPU
		{359ED7A6-E45D-41F4-A938-4D7663891250}.Release|Any CPU.Build.0 = Release|Any CPU
		{359ED7A6-E45D-41F4-A938-4D7663891250}.Release|Any CPU.ActiveCfg = Release|Any CPU
		{742F06F2-FBE9-4147-8AB2-C21A89F51700}.Debug|Any CPU.Build.0 = Debug|Any CPU
		{742F06F2-FBE9-4147-8AB2-C21A89F51700}.Debug|Any CPU.ActiveCfg = Debug|Any CPU
		{742F06F2-FBE9-4147-8AB2-C21A89F51700}.Release|Any CPU.Build.0 = Release|Any CPU
		{742F06F2-FBE9-4147-8AB2-C21A89F51700}.Release|Any CPU.ActiveCfg = Release|Any CPU
		{6AE3C9E9-4D68-4BAE-A9F2-74041B700F23}.Debug|Any CPU.Build.0 = Debug|Any CPU
		{6AE3C9E9-4D68-4BAE-A9F2-74041B700F23}.Debug|Any CPU.ActiveCfg = Debug|Any CPU
		{6AE3C9E9-4D68-4BAE-A9F2-74041B700F23}.Release|Any CPU.Build.0 = Release|Any CPU
		{6AE3C9E9-4D68-4BAE-A9F2-74041B700F23}.Release|Any CPU.ActiveCfg = Release|Any CPU
		{214B9B7D-A121-4C3C-AFB4-ED0F07A4C647}.Debug|Any CPU.Build.0 = Debug|Any CPU
		{214B9B7D-A121-4C3C-AFB4-ED0F07A4C647}.Debug|Any CPU.ActiveCfg = Debug|Any CPU
		{214B9B7D-A121-4C3C-AFB4-ED0F07A4C647}.Release|Any CPU.Build.0 = Release|Any CPU
		{214B9B7D-A121-4C3C-AFB4-ED0F07A4C647}.Release|Any CPU.ActiveCfg = Release|Any CPU
		{86F5E107-90C7-43FF-BDBB-0DA1A1197DFB}.Debug|Any CPU.Build.0 = Debug|Any CPU
		{86F5E107-90C7-43FF-BDBB-0DA1A1197DFB}.Debug|Any CPU.ActiveCfg = Debug|Any CPU
		{86F5E107-90C7-43FF-BDBB-0DA1A1197DFB}.Release|Any CPU.Build.0 = Release|Any CPU
		{86F5E107-90C7-43FF-BDBB-0DA1A1197DFB}.Release|Any CPU.ActiveCfg = Release|Any CPU
		{17266FA3-C5CA-4A51-854C-1F93A507AA62}.Debug|Any CPU.Build.0 = Debug|Any CPU
		{17266FA3-C5CA-4A51-854C-1F93A507AA62}.Debug|Any CPU.ActiveCfg = Debug|Any CPU
		{17266FA3-C5CA-4A51-854C-1F93A507AA62}.Release|Any CPU.Build.0 = Release|Any CPU
		{17266FA3-C5CA-4A51-854C-1F93A507AA62}.Release|Any CPU.ActiveCfg = Release|Any CPU
		{37CEC475-A63F-4510-A318-B490CA83ED70}.Debug|Any CPU.Build.0 = Debug|Any CPU
		{37CEC475-A63F-4510-A318-B490CA83ED70}.Debug|Any CPU.ActiveCfg = Debug|Any CPU
		{37CEC475-A63F-4510-A318-B490CA83ED70}.Release|Any CPU.Build.0 = Release|Any CPU
		{37CEC475-A63F-4510-A318-B490CA83ED70}.Release|Any CPU.ActiveCfg = Release|Any CPU
		{79F51B26-9EEC-41E9-84F5-C69F46B3D9F0}.Debug|Any CPU.Build.0 = Debug|Any CPU
		{79F51B26-9EEC-41E9-84F5-C69F46B3D9F0}.Debug|Any CPU.ActiveCfg = Debug|Any CPU
		{79F51B26-9EEC-41E9-84F5-C69F46B3D9F0}.Release|Any CPU.Build.0 = Release|Any CPU
		{79F51B26-9EEC-41E9-84F5-C69F46B3D9F0}.Release|Any CPU.ActiveCfg = Release|Any CPU
		{CED946F4-15E3-4D71-83D3-65ECC317FFE6}.Debug|Any CPU.Build.0 = Debug|Any CPU
		{CED946F4-15E3-4D71-83D3-65ECC317FFE6}.Debug|Any CPU.ActiveCfg = Debug|Any CPU
		{CED946F4-15E3-4D71-83D3-65ECC317FFE6}.Release|Any CPU.Build.0 = Release|Any CPU
		{CED946F4-15E3-4D71-83D3-65ECC317FFE6}.Release|Any CPU.ActiveCfg = Release|Any CPU
		{D40027D4-260D-4D22-AAC8-1647EB1558AE}.Debug|Any CPU.Build.0 = Debug|Any CPU
		{D40027D4-260D-4D22-AAC8-1647EB1558AE}.Debug|Any CPU.ActiveCfg = Debug|Any CPU
		{D40027D4-260D-4D22-AAC8-1647EB1558AE}.Release|Any CPU.Build.0 = Release|Any CPU
		{D40027D4-260D-4D22-AAC8-1647EB1558AE}.Release|Any CPU.ActiveCfg = Release|Any CPU
		{DAAA2C2C-DEEF-4D5D-BCD4-A1D5B7D2297C}.Debug|Any CPU.Build.0 = Debug|Any CPU
		{DAAA2C2C-DEEF-4D5D-BCD4-A1D5B7D2297C}.Debug|Any CPU.ActiveCfg = Debug|Any CPU
		{DAAA2C2C-DEEF-4D5D-BCD4-A1D5B7D2297C}.Release|Any CPU.Build.0 = Release|Any CPU
		{DAAA2C2C-DEEF-4D5D-BCD4-A1D5B7D2297C}.Release|Any CPU.ActiveCfg = Release|Any CPU
		{9D86FFEF-2DFF-45DD-A3B4-810D2105B9E7}.Debug|Any CPU.Build.0 = Debug|Any CPU
		{9D86FFEF-2DFF-45DD-A3B4-810D2105B9E7}.Debug|Any CPU.ActiveCfg = Debug|Any CPU
		{9D86FFEF-2DFF-45DD-A3B4-810D2105B9E7}.Release|Any CPU.Build.0 = Release|Any CPU
		{9D86FFEF-2DFF-45DD-A3B4-810D2105B9E7}.Release|Any CPU.ActiveCfg = Release|Any CPU
		{38158DB5-42C3-4773-9CB6-AA5DE75A94BE}.Debug|Any CPU.Build.0 = Debug|Any CPU
		{38158DB5-42C3-4773-9CB6-AA5DE75A94BE}.Debug|Any CPU.ActiveCfg = Debug|Any CPU
		{38158DB5-42C3-4773-9CB6-AA5DE75A94BE}.Release|Any CPU.Build.0 = Release|Any CPU
		{38158DB5-42C3-4773-9CB6-AA5DE75A94BE}.Release|Any CPU.ActiveCfg = Release|Any CPU
		{207C4AB5-4620-460D-BB0F-9B4418F26FAD}.Debug|Any CPU.Build.0 = Debug|Any CPU
		{207C4AB5-4620-460D-BB0F-9B4418F26FAD}.Debug|Any CPU.ActiveCfg = Debug|Any CPU
		{207C4AB5-4620-460D-BB0F-9B4418F26FAD}.Release|Any CPU.Build.0 = Release|Any CPU
		{207C4AB5-4620-460D-BB0F-9B4418F26FAD}.Release|Any CPU.ActiveCfg = Release|Any CPU
		{273A1F72-5E8E-47FB-B37F-1482A2DE8CA3}.Debug|Any CPU.Build.0 = Debug|Any CPU
		{273A1F72-5E8E-47FB-B37F-1482A2DE8CA3}.Debug|Any CPU.ActiveCfg = Debug|Any CPU
		{273A1F72-5E8E-47FB-B37F-1482A2DE8CA3}.Release|Any CPU.Build.0 = Release|Any CPU
		{273A1F72-5E8E-47FB-B37F-1482A2DE8CA3}.Release|Any CPU.ActiveCfg = Release|Any CPU
	EndGlobalSection
	GlobalSection(SolutionProperties) = preSolution
		HideSolutionNode = FALSE
	EndGlobalSection
EndGlobal
